
Microsoft Visual Studio Solution File, Format Version 12.00
# Visual Studio Version 16
VisualStudioVersion = 16.0.30114.105
MinimumVisualStudioVersion = 10.0.40219.1
Project("{FAE04EC0-301F-11D3-BF4B-00C04F79EFBC}") = "Profile.Api", "Profile.Api\Profile.Api.csproj", "{EEB62758-EBA7-46B2-AF4A-3BB5F1D9B5B7}"
EndProject
Project("{FAE04EC0-301F-11D3-BF4B-00C04F79EFBC}") = "Profile.Api.Tests", "Profile.Api.Tests\Profile.Api.Tests.csproj", "{BAC4B267-07BD-4ECC-B9BB-6651F492204A}"
EndProject
Global
	GlobalSection(SolutionConfigurationPlatforms) = preSolution
		Debug|Any CPU = Debug|Any CPU
		Release|Any CPU = Release|Any CPU
	EndGlobalSection
	GlobalSection(SolutionProperties) = preSolution
		HideSolutionNode = FALSE
	EndGlobalSection
	GlobalSection(ProjectConfigurationPlatforms) = postSolution
		{EEB62758-EBA7-46B2-AF4A-3BB5F1D9B5B7}.Debug|Any CPU.ActiveCfg = Debug|Any CPU
		{EEB62758-EBA7-46B2-AF4A-3BB5F1D9B5B7}.Debug|Any CPU.Build.0 = Debug|Any CPU
		{EEB62758-EBA7-46B2-AF4A-3BB5F1D9B5B7}.Release|Any CPU.ActiveCfg = Release|Any CPU
		{EEB62758-EBA7-46B2-AF4A-3BB5F1D9B5B7}.Release|Any CPU.Build.0 = Release|Any CPU
		{BAC4B267-07BD-4ECC-B9BB-6651F492204A}.Debug|Any CPU.ActiveCfg = Debug|Any CPU
		{BAC4B267-07BD-4ECC-B9BB-6651F492204A}.Debug|Any CPU.Build.0 = Debug|Any CPU
		{BAC4B267-07BD-4ECC-B9BB-6651F492204A}.Release|Any CPU.ActiveCfg = Release|Any CPU
		{BAC4B267-07BD-4ECC-B9BB-6651F492204A}.Release|Any CPU.Build.0 = Release|Any CPU
	EndGlobalSection
EndGlobal
